
Microsoft Visual Studio Solution File, Format Version 11.00
# Visual Studio 2010
Project("{2150E333-8FDC-42A3-9474-1A3956D46DE8}") = "TP01", "TP01", "{EEFEEDFB-A4E7-4BBF-B586-DECBB0FC11A5}"
EndProject
Project("{FAE04EC0-301F-11D3-BF4B-00C04F79EFBC}") = "Exercice 1_TP01", "Exercice 1_TP01\Exercice 1_TP01.csproj", "{D60BFFA2-0C65-4F6A-8B8A-4626884B58C9}"
EndProject
Project("{FAE04EC0-301F-11D3-BF4B-00C04F79EFBC}") = "Exercice 2_TP01", "Exercice 2_TP01\Exercice 2_TP01.csproj", "{0C61183B-A9D9-4376-9F39-5E25BD9EE25B}"
EndProject
Project("{FAE04EC0-301F-11D3-BF4B-00C04F79EFBC}") = "Exercice 3_TP01", "Exercice 3_TP01\Exercice 3_TP01.csproj", "{FC2E5065-E395-411F-AE87-F8DBABC92CDA}"
EndProject
Project("{2150E333-8FDC-42A3-9474-1A3956D46DE8}") = "TP02", "TP02", "{CC01F7AB-9D50-45E7-96D2-C72F1A1D62C9}"
EndProject
Project("{FAE04EC0-301F-11D3-BF4B-00C04F79EFBC}") = "Exercice 1_TP02", "Exercice 1_TP02\Exercice 1_TP02.csproj", "{EED304F1-8342-4891-89F6-ECE5A3600864}"
EndProject
Project("{FAE04EC0-301F-11D3-BF4B-00C04F79EFBC}") = "Exercice 2_TP02", "Exercice 2_TP02\Exercice 2_TP02.csproj", "{63B6AFF9-30C5-4921-AC1A-361F1A1E0B6D}"
EndProject
Project("{FAE04EC0-301F-11D3-BF4B-00C04F79EFBC}") = "Exercice 3_TP02", "Exercice 3_TP02\Exercice 3_TP02.csproj", "{FB08F302-67CE-4EC8-97AA-4AA968A45556}"
EndProject
Project("{FAE04EC0-301F-11D3-BF4B-00C04F79EFBC}") = "Exercice 4_TP02", "Exercice 4_TP02\Exercice 4_TP02.csproj", "{46F344CF-B1C1-45D3-8780-C81E76549110}"
EndProject
Project("{2150E333-8FDC-42A3-9474-1A3956D46DE8}") = "TP03", "TP03", "{4844FD28-D7CF-4945-B0CA-DEDD2CF3DA80}"
EndProject
Project("{FAE04EC0-301F-11D3-BF4B-00C04F79EFBC}") = "Exercice 1_TP03", "Exercice 1_TP03\Exercice 1_TP03.csproj", "{57AC0FD2-CF1A-4740-8C1E-4F8F204D1303}"
EndProject
Project("{FAE04EC0-301F-11D3-BF4B-00C04F79EFBC}") = "Exercice 2_TP03", "Exercice 2_TP03\Exercice 2_TP03.csproj", "{14B32816-E209-4D88-A999-802BD2CEAD75}"
EndProject
Project("{FAE04EC0-301F-11D3-BF4B-00C04F79EFBC}") = "Exercice 3_TP03", "Exercice 3_TP03\Exercice 3_TP03.csproj", "{A1807D0B-14C5-4B21-B2E4-58071C1A1B8B}"
EndProject
Project("{FAE04EC0-301F-11D3-BF4B-00C04F79EFBC}") = "Exercice 4_TP03", "Exercice 4_TP03\Exercice 4_TP03.csproj", "{919AC477-72F9-40FA-A689-2B15DA0CC82A}"
EndProject
Project("{2150E333-8FDC-42A3-9474-1A3956D46DE8}") = "TP04", "TP04", "{64386085-1AAC-4D9A-9A26-EE756CB9EEDD}"
EndProject
Project("{FAE04EC0-301F-11D3-BF4B-00C04F79EFBC}") = "Synthèse", "Synthèse\Synthèse.csproj", "{AE70B9A2-C538-4730-A55A-2B6EF1AB7A71}"
EndProject
Project("{2150E333-8FDC-42A3-9474-1A3956D46DE8}") = "TP05", "TP05", "{1DCAA114-199B-4A6E-A0AD-C35C66E50BCE}"
EndProject
Project("{FAE04EC0-301F-11D3-BF4B-00C04F79EFBC}") = "Exercice 3_TP05", "Exercice 3_TP05\Exercice 3_TP05.csproj", "{2FCD8E1A-B553-4C12-98F7-632B258B8F83}"
EndProject
Project("{2150E333-8FDC-42A3-9474-1A3956D46DE8}") = "TP06", "TP06", "{3E9A826A-25A7-4BFA-BBF6-5EA285D96F91}"
EndProject
Project("{FAE04EC0-301F-11D3-BF4B-00C04F79EFBC}") = "Exercice 1_TP06", "Exercice 1_TP06\Exercice 1_TP06.csproj", "{F61C21B1-87ED-4750-A37A-D2B3A18886FC}"
EndProject
Project("{FAE04EC0-301F-11D3-BF4B-00C04F79EFBC}") = "Exercice 2_TP05", "Exercice 2_TP05\Exercice 2_TP05.csproj", "{45B7E8F2-3DBE-4435-BE49-5C793226F65C}"
EndProject
Project("{2150E333-8FDC-42A3-9474-1A3956D46DE8}") = "TP07", "TP07", "{35D3B914-1302-4889-9BCF-D5D56F70EB47}"
EndProject
Project("{FAE04EC0-301F-11D3-BF4B-00C04F79EFBC}") = "Exercice 1_TP07", "Exercice 1_TP07\Exercice 1_TP07.csproj", "{9ADAFD07-0294-4028-AD92-5A9308184A57}"
EndProject
Project("{FAE04EC0-301F-11D3-BF4B-00C04F79EFBC}") = "Exercice 2_TP07", "Exercice 2_TP07\Exercice 2_TP07.csproj", "{3B343053-97FE-4D53-A680-E33966D75E51}"
EndProject
Project("{FAE04EC0-301F-11D3-BF4B-00C04F79EFBC}") = "Exercice 3_TP07", "Exercice 3_TP07\Exercice 3_TP07.csproj", "{48F7F6A4-25D4-4787-AE8C-CF532D082FF5}"
EndProject
Project("{FAE04EC0-301F-11D3-BF4B-00C04F79EFBC}") = "Exercice 4_TP07", "Exercice 4_TP07\Exercice 4_TP07.csproj", "{CBBE1141-2E50-4135-916A-F0FC9CEEEBD1}"
EndProject
Project("{2150E333-8FDC-42A3-9474-1A3956D46DE8}") = "TP08_V1_Synthese", "TP08_V1_Synthese", "{0CB08AA1-1DC1-4C06-86CE-0254F5775585}"
EndProject
Project("{FAE04EC0-301F-11D3-BF4B-00C04F79EFBC}") = "Gestion Des Etudiantes", "Gestion Des Etudiantes\Gestion Des Etudiantes.csproj", "{E0E8DEFC-D359-471F-BD30-1212D8932C0D}"
EndProject
Project("{FAE04EC0-301F-11D3-BF4B-00C04F79EFBC}") = "TP08_V1_Synthèse2", "..\TP08_V1_Synthèse2\TP08_V1_Synthèse2\TP08_V1_Synthèse2.csproj", "{B27797D0-3170-45A5-AE50-0361E5EB9D81}"
EndProject
Project("{2150E333-8FDC-42A3-9474-1A3956D46DE8}") = "TP08_V2_synthèse", "TP08_V2_synthèse", "{5B3265D7-54F7-4B89-94F3-EE1DDDE3F328}"
EndProject
Global
	GlobalSection(SolutionConfigurationPlatforms) = preSolution
		Debug|x86 = Debug|x86
		Release|x86 = Release|x86
	EndGlobalSection
	GlobalSection(ProjectConfigurationPlatforms) = postSolution
		{D60BFFA2-0C65-4F6A-8B8A-4626884B58C9}.Debug|x86.ActiveCfg = Debug|x86
		{D60BFFA2-0C65-4F6A-8B8A-4626884B58C9}.Debug|x86.Build.0 = Debug|x86
		{D60BFFA2-0C65-4F6A-8B8A-4626884B58C9}.Release|x86.ActiveCfg = Release|x86
		{D60BFFA2-0C65-4F6A-8B8A-4626884B58C9}.Release|x86.Build.0 = Release|x86
		{0C61183B-A9D9-4376-9F39-5E25BD9EE25B}.Debug|x86.ActiveCfg = Debug|x86
		{0C61183B-A9D9-4376-9F39-5E25BD9EE25B}.Debug|x86.Build.0 = Debug|x86
		{0C61183B-A9D9-4376-9F39-5E25BD9EE25B}.Release|x86.ActiveCfg = Release|x86
		{0C61183B-A9D9-4376-9F39-5E25BD9EE25B}.Release|x86.Build.0 = Release|x86
		{FC2E5065-E395-411F-AE87-F8DBABC92CDA}.Debug|x86.ActiveCfg = Debug|x86
		{FC2E5065-E395-411F-AE87-F8DBABC92CDA}.Debug|x86.Build.0 = Debug|x86
		{FC2E5065-E395-411F-AE87-F8DBABC92CDA}.Release|x86.ActiveCfg = Release|x86
		{FC2E5065-E395-411F-AE87-F8DBABC92CDA}.Release|x86.Build.0 = Release|x86
		{EED304F1-8342-4891-89F6-ECE5A3600864}.Debug|x86.ActiveCfg = Debug|x86
		{EED304F1-8342-4891-89F6-ECE5A3600864}.Debug|x86.Build.0 = Debug|x86
		{EED304F1-8342-4891-89F6-ECE5A3600864}.Release|x86.ActiveCfg = Release|x86
		{EED304F1-8342-4891-89F6-ECE5A3600864}.Release|x86.Build.0 = Release|x86
		{63B6AFF9-30C5-4921-AC1A-361F1A1E0B6D}.Debug|x86.ActiveCfg = Debug|x86
		{63B6AFF9-30C5-4921-AC1A-361F1A1E0B6D}.Debug|x86.Build.0 = Debug|x86
		{63B6AFF9-30C5-4921-AC1A-361F1A1E0B6D}.Release|x86.ActiveCfg = Release|x86
		{63B6AFF9-30C5-4921-AC1A-361F1A1E0B6D}.Release|x86.Build.0 = Release|x86
		{FB08F302-67CE-4EC8-97AA-4AA968A45556}.Debug|x86.ActiveCfg = Debug|x86
		{FB08F302-67CE-4EC8-97AA-4AA968A45556}.Debug|x86.Build.0 = Debug|x86
		{FB08F302-67CE-4EC8-97AA-4AA968A45556}.Release|x86.ActiveCfg = Release|x86
		{FB08F302-67CE-4EC8-97AA-4AA968A45556}.Release|x86.Build.0 = Release|x86
		{46F344CF-B1C1-45D3-8780-C81E76549110}.Debug|x86.ActiveCfg = Debug|x86
		{46F344CF-B1C1-45D3-8780-C81E76549110}.Debug|x86.Build.0 = Debug|x86
		{46F344CF-B1C1-45D3-8780-C81E76549110}.Release|x86.ActiveCfg = Release|x86
		{46F344CF-B1C1-45D3-8780-C81E76549110}.Release|x86.Build.0 = Release|x86
		{57AC0FD2-CF1A-4740-8C1E-4F8F204D1303}.Debug|x86.ActiveCfg = Debug|x86
		{57AC0FD2-CF1A-4740-8C1E-4F8F204D1303}.Debug|x86.Build.0 = Debug|x86
		{57AC0FD2-CF1A-4740-8C1E-4F8F204D1303}.Release|x86.ActiveCfg = Release|x86
		{57AC0FD2-CF1A-4740-8C1E-4F8F204D1303}.Release|x86.Build.0 = Release|x86
		{14B32816-E209-4D88-A999-802BD2CEAD75}.Debug|x86.ActiveCfg = Debug|x86
		{14B32816-E209-4D88-A999-802BD2CEAD75}.Debug|x86.Build.0 = Debug|x86
		{14B32816-E209-4D88-A999-802BD2CEAD75}.Release|x86.ActiveCfg = Release|x86
		{14B32816-E209-4D88-A999-802BD2CEAD75}.Release|x86.Build.0 = Release|x86
		{A1807D0B-14C5-4B21-B2E4-58071C1A1B8B}.Debug|x86.ActiveCfg = Debug|x86
		{A1807D0B-14C5-4B21-B2E4-58071C1A1B8B}.Debug|x86.Build.0 = Debug|x86
		{A1807D0B-14C5-4B21-B2E4-58071C1A1B8B}.Release|x86.ActiveCfg = Release|x86
		{A1807D0B-14C5-4B21-B2E4-58071C1A1B8B}.Release|x86.Build.0 = Release|x86
		{919AC477-72F9-40FA-A689-2B15DA0CC82A}.Debug|x86.ActiveCfg = Debug|x86
		{919AC477-72F9-40FA-A689-2B15DA0CC82A}.Debug|x86.Build.0 = Debug|x86
		{919AC477-72F9-40FA-A689-2B15DA0CC82A}.Release|x86.ActiveCfg = Release|x86
		{919AC477-72F9-40FA-A689-2B15DA0CC82A}.Release|x86.Build.0 = Release|x86
		{AE70B9A2-C538-4730-A55A-2B6EF1AB7A71}.Debug|x86.ActiveCfg = Debug|x86
		{AE70B9A2-C538-4730-A55A-2B6EF1AB7A71}.Debug|x86.Build.0 = Debug|x86
		{AE70B9A2-C538-4730-A55A-2B6EF1AB7A71}.Release|x86.ActiveCfg = Release|x86
		{AE70B9A2-C538-4730-A55A-2B6EF1AB7A71}.Release|x86.Build.0 = Release|x86
		{2FCD8E1A-B553-4C12-98F7-632B258B8F83}.Debug|x86.ActiveCfg = Debug|x86
		{2FCD8E1A-B553-4C12-98F7-632B258B8F83}.Debug|x86.Build.0 = Debug|x86
		{2FCD8E1A-B553-4C12-98F7-632B258B8F83}.Release|x86.ActiveCfg = Release|x86
		{2FCD8E1A-B553-4C12-98F7-632B258B8F83}.Release|x86.Build.0 = Release|x86
		{F61C21B1-87ED-4750-A37A-D2B3A18886FC}.Debug|x86.ActiveCfg = Debug|x86
		{F61C21B1-87ED-4750-A37A-D2B3A18886FC}.Debug|x86.Build.0 = Debug|x86
		{F61C21B1-87ED-4750-A37A-D2B3A18886FC}.Release|x86.ActiveCfg = Release|x86
		{F61C21B1-87ED-4750-A37A-D2B3A18886FC}.Release|x86.Build.0 = Release|x86
		{45B7E8F2-3DBE-4435-BE49-5C793226F65C}.Debug|x86.ActiveCfg = Debug|x86
		{45B7E8F2-3DBE-4435-BE49-5C793226F65C}.Debug|x86.Build.0 = Debug|x86
		{45B7E8F2-3DBE-4435-BE49-5C793226F65C}.Release|x86.ActiveCfg = Release|x86
		{45B7E8F2-3DBE-4435-BE49-5C793226F65C}.Release|x86.Build.0 = Release|x86
		{9ADAFD07-0294-4028-AD92-5A9308184A57}.Debug|x86.ActiveCfg = Debug|x86
		{9ADAFD07-0294-4028-AD92-5A9308184A57}.Debug|x86.Build.0 = Debug|x86
		{9ADAFD07-0294-4028-AD92-5A9308184A57}.Release|x86.ActiveCfg = Release|x86
		{9ADAFD07-0294-4028-AD92-5A9308184A57}.Release|x86.Build.0 = Release|x86
		{3B343053-97FE-4D53-A680-E33966D75E51}.Debug|x86.ActiveCfg = Debug|x86
		{3B343053-97FE-4D53-A680-E33966D75E51}.Debug|x86.Build.0 = Debug|x86
		{3B343053-97FE-4D53-A680-E33966D75E51}.Release|x86.ActiveCfg = Release|x86
		{3B343053-97FE-4D53-A680-E33966D75E51}.Release|x86.Build.0 = Release|x86
		{48F7F6A4-25D4-4787-AE8C-CF532D082FF5}.Debug|x86.ActiveCfg = Debug|x86
		{48F7F6A4-25D4-4787-AE8C-CF532D082FF5}.Debug|x86.Build.0 = Debug|x86
		{48F7F6A4-25D4-4787-AE8C-CF532D082FF5}.Release|x86.ActiveCfg = Release|x86
		{48F7F6A4-25D4-4787-AE8C-CF532D082FF5}.Release|x86.Build.0 = Release|x86
		{CBBE1141-2E50-4135-916A-F0FC9CEEEBD1}.Debug|x86.ActiveCfg = Debug|x86
		{CBBE1141-2E50-4135-916A-F0FC9CEEEBD1}.Debug|x86.Build.0 = Debug|x86
		{CBBE1141-2E50-4135-916A-F0FC9CEEEBD1}.Release|x86.ActiveCfg = Release|x86
		{CBBE1141-2E50-4135-916A-F0FC9CEEEBD1}.Release|x86.Build.0 = Release|x86
		{E0E8DEFC-D359-471F-BD30-1212D8932C0D}.Debug|x86.ActiveCfg = Debug|x86
		{E0E8DEFC-D359-471F-BD30-1212D8932C0D}.Debug|x86.Build.0 = Debug|x86
		{E0E8DEFC-D359-471F-BD30-1212D8932C0D}.Release|x86.ActiveCfg = Release|x86
		{E0E8DEFC-D359-471F-BD30-1212D8932C0D}.Release|x86.Build.0 = Release|x86
		{B27797D0-3170-45A5-AE50-0361E5EB9D81}.Debug|x86.ActiveCfg = Debug|x86
		{B27797D0-3170-45A5-AE50-0361E5EB9D81}.Debug|x86.Build.0 = Debug|x86
		{B27797D0-3170-45A5-AE50-0361E5EB9D81}.Release|x86.ActiveCfg = Release|x86
		{B27797D0-3170-45A5-AE50-0361E5EB9D81}.Release|x86.Build.0 = Release|x86
	EndGlobalSection
	GlobalSection(SolutionProperties) = preSolution
		HideSolutionNode = FALSE
	EndGlobalSection
	GlobalSection(NestedProjects) = preSolution
		{D60BFFA2-0C65-4F6A-8B8A-4626884B58C9} = {EEFEEDFB-A4E7-4BBF-B586-DECBB0FC11A5}
		{0C61183B-A9D9-4376-9F39-5E25BD9EE25B} = {EEFEEDFB-A4E7-4BBF-B586-DECBB0FC11A5}
		{FC2E5065-E395-411F-AE87-F8DBABC92CDA} = {EEFEEDFB-A4E7-4BBF-B586-DECBB0FC11A5}
		{EED304F1-8342-4891-89F6-ECE5A3600864} = {CC01F7AB-9D50-45E7-96D2-C72F1A1D62C9}
		{63B6AFF9-30C5-4921-AC1A-361F1A1E0B6D} = {CC01F7AB-9D50-45E7-96D2-C72F1A1D62C9}
		{FB08F302-67CE-4EC8-97AA-4AA968A45556} = {CC01F7AB-9D50-45E7-96D2-C72F1A1D62C9}
		{46F344CF-B1C1-45D3-8780-C81E76549110} = {CC01F7AB-9D50-45E7-96D2-C72F1A1D62C9}
		{57AC0FD2-CF1A-4740-8C1E-4F8F204D1303} = {4844FD28-D7CF-4945-B0CA-DEDD2CF3DA80}
		{14B32816-E209-4D88-A999-802BD2CEAD75} = {4844FD28-D7CF-4945-B0CA-DEDD2CF3DA80}
		{A1807D0B-14C5-4B21-B2E4-58071C1A1B8B} = {4844FD28-D7CF-4945-B0CA-DEDD2CF3DA80}
		{919AC477-72F9-40FA-A689-2B15DA0CC82A} = {4844FD28-D7CF-4945-B0CA-DEDD2CF3DA80}
		{AE70B9A2-C538-4730-A55A-2B6EF1AB7A71} = {64386085-1AAC-4D9A-9A26-EE756CB9EEDD}
		{2FCD8E1A-B553-4C12-98F7-632B258B8F83} = {1DCAA114-199B-4A6E-A0AD-C35C66E50BCE}
		{45B7E8F2-3DBE-4435-BE49-5C793226F65C} = {1DCAA114-199B-4A6E-A0AD-C35C66E50BCE}
		{F61C21B1-87ED-4750-A37A-D2B3A18886FC} = {3E9A826A-25A7-4BFA-BBF6-5EA285D96F91}
		{9ADAFD07-0294-4028-AD92-5A9308184A57} = {35D3B914-1302-4889-9BCF-D5D56F70EB47}
		{3B343053-97FE-4D53-A680-E33966D75E51} = {35D3B914-1302-4889-9BCF-D5D56F70EB47}
		{48F7F6A4-25D4-4787-AE8C-CF532D082FF5} = {35D3B914-1302-4889-9BCF-D5D56F70EB47}
		{CBBE1141-2E50-4135-916A-F0FC9CEEEBD1} = {35D3B914-1302-4889-9BCF-D5D56F70EB47}
		{E0E8DEFC-D359-471F-BD30-1212D8932C0D} = {0CB08AA1-1DC1-4C06-86CE-0254F5775585}
		{B27797D0-3170-45A5-AE50-0361E5EB9D81} = {0CB08AA1-1DC1-4C06-86CE-0254F5775585}
	EndGlobalSection
EndGlobal
